
Microsoft Visual Studio Solution File, Format Version 12.00
# Visual Studio Version 17
VisualStudioVersion = 17.2.32630.192
MinimumVisualStudioVersion = 10.0.40219.1
Project("{FAE04EC0-301F-11D3-BF4B-00C04F79EFBC}") = "Shinsheki Damage Calc Test", "Shinsheki Damage Calc Test\Shinsheki Damage Calc Test.csproj", "{FDCAE1A3-C661-439D-BD16-9D44A33E4CA5}"
EndProject
Global
	GlobalSection(SolutionConfigurationPlatforms) = preSolution
		Debug|Any CPU = Debug|Any CPU
		Release|Any CPU = Release|Any CPU
	EndGlobalSection
	GlobalSection(ProjectConfigurationPlatforms) = postSolution
		{FDCAE1A3-C661-439D-BD16-9D44A33E4CA5}.Debug|Any CPU.ActiveCfg = Debug|Any CPU
		{FDCAE1A3-C661-439D-BD16-9D44A33E4CA5}.Debug|Any CPU.Build.0 = Debug|Any CPU
		{FDCAE1A3-C661-439D-BD16-9D44A33E4CA5}.Release|Any CPU.ActiveCfg = Release|Any CPU
		{FDCAE1A3-C661-439D-BD16-9D44A33E4CA5}.Release|Any CPU.Build.0 = Release|Any CPU
	EndGlobalSection
	GlobalSection(SolutionProperties) = preSolution
		HideSolutionNode = FALSE
	EndGlobalSection
	GlobalSection(ExtensibilityGlobals) = postSolution
		SolutionGuid = {DA53AEF3-A3CF-43DA-9368-65FBC79945EC}
	EndGlobalSection
EndGlobal
